
Microsoft Visual Studio Solution File, Format Version 12.00
# Visual Studio Version 17
VisualStudioVersion = 17.11.35312.102
MinimumVisualStudioVersion = 10.0.40219.1
Project("{9A19103F-16F7-4668-BE54-9A1E7A4F7556}") = "BookZone", "BookZone\BookZone.csproj", "{650337CC-BC53-4472-9DCA-E9E78C93CA2A}"
EndProject
Project("{9A19103F-16F7-4668-BE54-9A1E7A4F7556}") = "BookZone.DataAccess", "BookZone.DataAccess\BookZone.DataAccess.csproj", "{71DA38B4-6DBE-4E29-997A-50D52C6F7966}"
EndProject
Project("{9A19103F-16F7-4668-BE54-9A1E7A4F7556}") = "BookZone.Models", "BookZone.Model\BookZone.Models.csproj", "{216DE4AD-C6C4-4127-8A6B-3B7BA95AA7A8}"
EndProject
Project("{9A19103F-16F7-4668-BE54-9A1E7A4F7556}") = "BookZone.Utility", "BookZone.Utility\BookZone.Utility.csproj", "{03BDE3C4-1198-477C-912F-CE0598D6E7AE}"
EndProject
Project("{FAE04EC0-301F-11D3-BF4B-00C04F79EFBC}") = "BookZone.SharedCore", "BookZone.SharedCore\BookZone.SharedCore.csproj", "{FE68B03F-8FE0-4542-8E74-501870F28DF9}"
EndProject
Project("{FAE04EC0-301F-11D3-BF4B-00C04F79EFBC}") = "BookZone.Attributes", "BookZone.Attributes\BookZone.Attributes.csproj", "{CC0C1641-A44F-4D4A-90D5-D94E99BF3E5B}"
EndProject
Global
	GlobalSection(SolutionConfigurationPlatforms) = preSolution
		Debug|Any CPU = Debug|Any CPU
		Release|Any CPU = Release|Any CPU
	EndGlobalSection
	GlobalSection(ProjectConfigurationPlatforms) = postSolution
		{650337CC-BC53-4472-9DCA-E9E78C93CA2A}.Debug|Any CPU.ActiveCfg = Debug|Any CPU
		{650337CC-BC53-4472-9DCA-E9E78C93CA2A}.Debug|Any CPU.Build.0 = Debug|Any CPU
		{650337CC-BC53-4472-9DCA-E9E78C93CA2A}.Release|Any CPU.ActiveCfg = Release|Any CPU
		{650337CC-BC53-4472-9DCA-E9E78C93CA2A}.Release|Any CPU.Build.0 = Release|Any CPU
		{71DA38B4-6DBE-4E29-997A-50D52C6F7966}.Debug|Any CPU.ActiveCfg = Debug|Any CPU
		{71DA38B4-6DBE-4E29-997A-50D52C6F7966}.Debug|Any CPU.Build.0 = Debug|Any CPU
		{71DA38B4-6DBE-4E29-997A-50D52C6F7966}.Release|Any CPU.ActiveCfg = Release|Any CPU
		{71DA38B4-6DBE-4E29-997A-50D52C6F7966}.Release|Any CPU.Build.0 = Release|Any CPU
		{216DE4AD-C6C4-4127-8A6B-3B7BA95AA7A8}.Debug|Any CPU.ActiveCfg = Debug|Any CPU
		{216DE4AD-C6C4-4127-8A6B-3B7BA95AA7A8}.Debug|Any CPU.Build.0 = Debug|Any CPU
		{216DE4AD-C6C4-4127-8A6B-3B7BA95AA7A8}.Release|Any CPU.ActiveCfg = Release|Any CPU
		{216DE4AD-C6C4-4127-8A6B-3B7BA95AA7A8}.Release|Any CPU.Build.0 = Release|Any CPU
		{03BDE3C4-1198-477C-912F-CE0598D6E7AE}.Debug|Any CPU.ActiveCfg = Debug|Any CPU
		{03BDE3C4-1198-477C-912F-CE0598D6E7AE}.Debug|Any CPU.Build.0 = Debug|Any CPU
		{03BDE3C4-1198-477C-912F-CE0598D6E7AE}.Release|Any CPU.ActiveCfg = Release|Any CPU
		{03BDE3C4-1198-477C-912F-CE0598D6E7AE}.Release|Any CPU.Build.0 = Release|Any CPU
		{FE68B03F-8FE0-4542-8E74-501870F28DF9}.Debug|Any CPU.ActiveCfg = Debug|Any CPU
		{FE68B03F-8FE0-4542-8E74-501870F28DF9}.Debug|Any CPU.Build.0 = Debug|Any CPU
		{FE68B03F-8FE0-4542-8E74-501870F28DF9}.Release|Any CPU.ActiveCfg = Release|Any CPU
		{FE68B03F-8FE0-4542-8E74-501870F28DF9}.Release|Any CPU.Build.0 = Release|Any CPU
		{CC0C1641-A44F-4D4A-90D5-D94E99BF3E5B}.Debug|Any CPU.ActiveCfg = Debug|Any CPU
		{CC0C1641-A44F-4D4A-90D5-D94E99BF3E5B}.Debug|Any CPU.Build.0 = Debug|Any CPU
		{CC0C1641-A44F-4D4A-90D5-D94E99BF3E5B}.Release|Any CPU.ActiveCfg = Release|Any CPU
		{CC0C1641-A44F-4D4A-90D5-D94E99BF3E5B}.Release|Any CPU.Build.0 = Release|Any CPU
	EndGlobalSection
	GlobalSection(SolutionProperties) = preSolution
		HideSolutionNode = FALSE
	EndGlobalSection
	GlobalSection(ExtensibilityGlobals) = postSolution
		SolutionGuid = {0E70D06D-95F5-4DCD-AA72-61E78ED6FCA2}
	EndGlobalSection
EndGlobal
